<?xml version="1.0" encoding="UTF-8"?>
<Solution>
	<Configurations>
		<BuildType Name="Debug"/>
		<BuildType Name="Release"/>
		<BuildType Name="MinSizeRel"/>
		<BuildType Name="RelWithDebInfo"/>
		<Platform Name="x64"/>
	</Configurations>
	<Project Path="BunkerAdminLauncher.vcxproj" Type="8bc9ceb8-8b4a-11d0-8d11-00a0c91bc942" Id="9b421fec-2376-3bc5-aced-a1b56715ad60">
		<BuildDependency Project="ZERO_CHECK.vcxproj"/>
		<BuildDependency Project="external/glfw/src/glfw.vcxproj"/>
	</Project>
	<Project Path="BunkerEditor.vcxproj" Type="8bc9ceb8-8b4a-11d0-8d11-00a0c91bc942" Id="e7d70eef-2a57-3075-becd-a545f7454b49">
		<BuildDependency Project="ZERO_CHECK.vcxproj"/>
		<BuildDependency Project="external/glfw/src/glfw.vcxproj"/>
	</Project>
	<Project Path="BunkerGame.vcxproj" Type="8bc9ceb8-8b4a-11d0-8d11-00a0c91bc942" Id="fb2c20d5-e7a0-3932-aa29-b3f02b5e61da">
		<BuildDependency Project="ZERO_CHECK.vcxproj"/>
		<BuildDependency Project="external/glfw/src/glfw.vcxproj"/>
	</Project>
	<Project Path="BunkerLauncher.vcxproj" Type="8bc9ceb8-8b4a-11d0-8d11-00a0c91bc942" Id="1558ed5a-0d6c-3d38-a49b-3a9755e31975">
		<BuildDependency Project="ZERO_CHECK.vcxproj"/>
		<BuildDependency Project="external/glfw/src/glfw.vcxproj"/>
	</Project>
	<Project Path="BunkerSmokeChecks.vcxproj" Type="8bc9ceb8-8b4a-11d0-8d11-00a0c91bc942" Id="2890d545-f9d1-3007-8c66-0fdc1dc75e2f">
		<BuildDependency Project="ZERO_CHECK.vcxproj"/>
		<BuildDependency Project="external/glfw/src/glfw.vcxproj"/>
	</Project>
	<Folder Name="/CMakePredefinedTargets/">
		<Project Path="ALL_BUILD.vcxproj" Type="8bc9ceb8-8b4a-11d0-8d11-00a0c91bc942" Id="d2d4189a-3ab2-30e8-85d0-fd9623c34f1f" DefaultStartup="true">
			<BuildDependency Project="BunkerAdminLauncher.vcxproj"/>
			<BuildDependency Project="BunkerEditor.vcxproj"/>
			<BuildDependency Project="BunkerGame.vcxproj"/>
			<BuildDependency Project="BunkerLauncher.vcxproj"/>
			<BuildDependency Project="BunkerSmokeChecks.vcxproj"/>
			<BuildDependency Project="ZERO_CHECK.vcxproj"/>
			<BuildDependency Project="external/glfw/src/glfw.vcxproj"/>
			<Build Solution="Debug|*" Project="false"/>
			<Build Solution="Release|*" Project="false"/>
			<Build Solution="MinSizeRel|*" Project="false"/>
			<Build Solution="RelWithDebInfo|*" Project="false"/>
		</Project>
		<Project Path="RUN_TESTS.vcxproj" Type="8bc9ceb8-8b4a-11d0-8d11-00a0c91bc942" Id="ebf9f53d-23f2-37b0-803c-689fc0fdece4">
			<BuildDependency Project="ZERO_CHECK.vcxproj"/>
			<Build Solution="Debug|*" Project="false"/>
			<Build Solution="Release|*" Project="false"/>
			<Build Solution="MinSizeRel|*" Project="false"/>
			<Build Solution="RelWithDebInfo|*" Project="false"/>
		</Project>
		<Project Path="ZERO_CHECK.vcxproj" Type="8bc9ceb8-8b4a-11d0-8d11-00a0c91bc942" Id="89142594-7c87-3eb9-8dbf-aeaf7b48e25a"/>
	</Folder>
	<Folder Name="/GLFW3/">
		<Project Path="external/glfw/src/glfw.vcxproj" Type="8bc9ceb8-8b4a-11d0-8d11-00a0c91bc942" Id="2a9ab2d3-4cbc-34c7-b97b-78453428f3fe">
			<BuildDependency Project="ZERO_CHECK.vcxproj"/>
		</Project>
		<Project Path="external/glfw/src/update_mappings.vcxproj" Type="8bc9ceb8-8b4a-11d0-8d11-00a0c91bc942" Id="528e4493-25cb-3d24-98b0-07fd74e3bc32">
			<BuildDependency Project="ZERO_CHECK.vcxproj"/>
			<Build Solution="Debug|*" Project="false"/>
			<Build Solution="Release|*" Project="false"/>
			<Build Solution="MinSizeRel|*" Project="false"/>
			<Build Solution="RelWithDebInfo|*" Project="false"/>
		</Project>
	</Folder>
</Solution>
